
Microsoft Visual Studio Solution File, Format Version 12.00
# Visual Studio Version 17
VisualStudioVersion = 17.3.32811.315
MinimumVisualStudioVersion = 10.0.40219.1
Project("{FAE04EC0-301F-11D3-BF4B-00C04F79EFBC}") = "Entities", "Entities\Entities.csproj", "{44401C9F-72CF-4F0E-B0BC-05C0F1AA834B}"
EndProject
Project("{FAE04EC0-301F-11D3-BF4B-00C04F79EFBC}") = "DataAccess", "DataAccess\DataAccess.csproj", "{CFF2DEF5-63E5-479C-9311-E5F1E91974F4}"
EndProject
Project("{FAE04EC0-301F-11D3-BF4B-00C04F79EFBC}") = "Emp4Star", "Emp4Star\Emp4Star.csproj", "{F90BF04C-67B0-4E4F-A6A7-9E2FD5C96E2F}"
EndProject
Global
	GlobalSection(SolutionConfigurationPlatforms) = preSolution
		Debug|Any CPU = Debug|Any CPU
		Release|Any CPU = Release|Any CPU
	EndGlobalSection
	GlobalSection(ProjectConfigurationPlatforms) = postSolution
		{44401C9F-72CF-4F0E-B0BC-05C0F1AA834B}.Debug|Any CPU.ActiveCfg = Debug|Any CPU
		{44401C9F-72CF-4F0E-B0BC-05C0F1AA834B}.Debug|Any CPU.Build.0 = Debug|Any CPU
		{44401C9F-72CF-4F0E-B0BC-05C0F1AA834B}.Release|Any CPU.ActiveCfg = Release|Any CPU
		{44401C9F-72CF-4F0E-B0BC-05C0F1AA834B}.Release|Any CPU.Build.0 = Release|Any CPU
		{CFF2DEF5-63E5-479C-9311-E5F1E91974F4}.Debug|Any CPU.ActiveCfg = Debug|Any CPU
		{CFF2DEF5-63E5-479C-9311-E5F1E91974F4}.Debug|Any CPU.Build.0 = Debug|Any CPU
		{CFF2DEF5-63E5-479C-9311-E5F1E91974F4}.Release|Any CPU.ActiveCfg = Release|Any CPU
		{CFF2DEF5-63E5-479C-9311-E5F1E91974F4}.Release|Any CPU.Build.0 = Release|Any CPU
		{F90BF04C-67B0-4E4F-A6A7-9E2FD5C96E2F}.Debug|Any CPU.ActiveCfg = Debug|Any CPU
		{F90BF04C-67B0-4E4F-A6A7-9E2FD5C96E2F}.Debug|Any CPU.Build.0 = Debug|Any CPU
		{F90BF04C-67B0-4E4F-A6A7-9E2FD5C96E2F}.Release|Any CPU.ActiveCfg = Release|Any CPU
		{F90BF04C-67B0-4E4F-A6A7-9E2FD5C96E2F}.Release|Any CPU.Build.0 = Release|Any CPU
	EndGlobalSection
	GlobalSection(SolutionProperties) = preSolution
		HideSolutionNode = FALSE
	EndGlobalSection
	GlobalSection(ExtensibilityGlobals) = postSolution
		SolutionGuid = {4D98C295-73AD-4015-9601-966755367B0B}
	EndGlobalSection
EndGlobal
